// !$*UTF8*$!
{
	archiveVersion = 1;
	classes = {
	};
	objectVersion = 55;
	objects = {

/* Begin PBXBuildFile section */
		3A787FB8289E8EAD00C334A6 /* Ftux.swift in Sources */ = {isa = PBXBuildFile; fileRef = 3A787FB7289E8EAD00C334A6 /* Ftux.swift */; };
		3A83C76928995AFA007AB7CE /* AppDelegate.swift in Sources */ = {isa = PBXBuildFile; fileRef = 3A83C76828995AFA007AB7CE /* AppDelegate.swift */; };
		3A83C76B28995AFA007AB7CE /* SceneDelegate.swift in Sources */ = {isa = PBXBuildFile; fileRef = 3A83C76A28995AFA007AB7CE /* SceneDelegate.swift */; };
		3A83C77328995AFA007AB7CE /* Siniar.xcdatamodeld in Sources */ = {isa = PBXBuildFile; fileRef = 3A83C77128995AFA007AB7CE /* Siniar.xcdatamodeld */; };
		3A83C77528995AFC007AB7CE /* Assets.xcassets in Resources */ = {isa = PBXBuildFile; fileRef = 3A83C77428995AFC007AB7CE /* Assets.xcassets */; };
		3A83C77828995AFC007AB7CE /* LaunchScreen.storyboard in Resources */ = {isa = PBXBuildFile; fileRef = 3A83C77628995AFC007AB7CE /* LaunchScreen.storyboard */; };
		3A83C78328995AFD007AB7CE /* SiniarTests.swift in Sources */ = {isa = PBXBuildFile; fileRef = 3A83C78228995AFD007AB7CE /* SiniarTests.swift */; };
		3A83C78D28995AFD007AB7CE /* SiniarUITests.swift in Sources */ = {isa = PBXBuildFile; fileRef = 3A83C78C28995AFD007AB7CE /* SiniarUITests.swift */; };
		3A83C78F28995AFD007AB7CE /* SiniarUITestsLaunchTests.swift in Sources */ = {isa = PBXBuildFile; fileRef = 3A83C78E28995AFD007AB7CE /* SiniarUITestsLaunchTests.swift */; };
		3A83C79F28995C6F007AB7CE /* FtuxViewController.swift in Sources */ = {isa = PBXBuildFile; fileRef = 3A83C79E28995C6F007AB7CE /* FtuxViewController.swift */; };
		3A83C7A22899624D007AB7CE /* ColorExtensions.swift in Sources */ = {isa = PBXBuildFile; fileRef = 3A83C7A12899624D007AB7CE /* ColorExtensions.swift */; };
		3A83C7A528996431007AB7CE /* PrimaryButton.swift in Sources */ = {isa = PBXBuildFile; fileRef = 3A83C7A428996431007AB7CE /* PrimaryButton.swift */; };
		3A83C7A728996600007AB7CE /* SmallPrimaryButton.swift in Sources */ = {isa = PBXBuildFile; fileRef = 3A83C7A628996600007AB7CE /* SmallPrimaryButton.swift */; };
		3A83C7A928996C9E007AB7CE /* FtuxViewCell.swift in Sources */ = {isa = PBXBuildFile; fileRef = 3A83C7A828996C9E007AB7CE /* FtuxViewCell.swift */; };
		3A8AF7B828A2986D00B18232 /* MusicViewCell.swift in Sources */ = {isa = PBXBuildFile; fileRef = 3A8AF7B728A2986D00B18232 /* MusicViewCell.swift */; };
		3ACA00D2289E9E650081F68F /* MainViewController.swift in Sources */ = {isa = PBXBuildFile; fileRef = 3ACA00D1289E9E650081F68F /* MainViewController.swift */; };
		3ACA00D5289EA0610081F68F /* HomeViewController.swift in Sources */ = {isa = PBXBuildFile; fileRef = 3ACA00D4289EA0610081F68F /* HomeViewController.swift */; };
		3ACA00D8289EA08F0081F68F /* SearchViewController.swift in Sources */ = {isa = PBXBuildFile; fileRef = 3ACA00D7289EA08F0081F68F /* SearchViewController.swift */; };
		3ACA00DB289EA0B20081F68F /* AccountViewController.swift in Sources */ = {isa = PBXBuildFile; fileRef = 3ACA00DA289EA0B20081F68F /* AccountViewController.swift */; };
		3ACA00DD289EA7C20081F68F /* AlbumsViewCell.swift in Sources */ = {isa = PBXBuildFile; fileRef = 3ACA00DC289EA7C20081F68F /* AlbumsViewCell.swift */; };
		3ACA00DF289EA9DF0081F68F /* AlbumViewCell.swift in Sources */ = {isa = PBXBuildFile; fileRef = 3ACA00DE289EA9DF0081F68F /* AlbumViewCell.swift */; };
		568E47917ECF879567F9ACD6 /* Pods_SiniarTests.framework in Frameworks */ = {isa = PBXBuildFile; fileRef = 7BC3571D5C3BB35138ECB3BF /* Pods_SiniarTests.framework */; };
		57090CE315AE5AB3199F8220 /* Pods_Siniar.framework in Frameworks */ = {isa = PBXBuildFile; fileRef = 0F5AFA52F78DBEDD54008B54 /* Pods_Siniar.framework */; };
		5EACE7054D6703446B370663 /* Pods_Siniar_SiniarUITests.framework in Frameworks */ = {isa = PBXBuildFile; fileRef = BBDCB049B2FCE67918ECD9F1 /* Pods_Siniar_SiniarUITests.framework */; };
/* End PBXBuildFile section */

/* Begin PBXContainerItemProxy section */
		3A83C77F28995AFD007AB7CE /* PBXContainerItemProxy */ = {
			isa = PBXContainerItemProxy;
			containerPortal = 3A83C75D28995AFA007AB7CE /* Project object */;
			proxyType = 1;
			remoteGlobalIDString = 3A83C76428995AFA007AB7CE;
			remoteInfo = Siniar;
		};
		3A83C78928995AFD007AB7CE /* PBXContainerItemProxy */ = {
			isa = PBXContainerItemProxy;
			containerPortal = 3A83C75D28995AFA007AB7CE /* Project object */;
			proxyType = 1;
			remoteGlobalIDString = 3A83C76428995AFA007AB7CE;
			remoteInfo = Siniar;
		};
/* End PBXContainerItemProxy section */

/* Begin PBXFileReference section */
		0F5AFA52F78DBEDD54008B54 /* Pods_Siniar.framework */ = {isa = PBXFileReference; explicitFileType = wrapper.framework; includeInIndex = 0; path = Pods_Siniar.framework; sourceTree = BUILT_PRODUCTS_DIR; };
		196544EA48F440DB7F05BBED /* Pods-Siniar-SiniarUITests.debug.xcconfig */ = {isa = PBXFileReference; includeInIndex = 1; lastKnownFileType = text.xcconfig; name = "Pods-Siniar-SiniarUITests.debug.xcconfig"; path = "Target Support Files/Pods-Siniar-SiniarUITests/Pods-Siniar-SiniarUITests.debug.xcconfig"; sourceTree = "<group>"; };
		2120870ACC55399EA03ACC9D /* Pods-Siniar.release.xcconfig */ = {isa = PBXFileReference; includeInIndex = 1; lastKnownFileType = text.xcconfig; name = "Pods-Siniar.release.xcconfig"; path = "Target Support Files/Pods-Siniar/Pods-Siniar.release.xcconfig"; sourceTree = "<group>"; };
		3A787FB7289E8EAD00C334A6 /* Ftux.swift */ = {isa = PBXFileReference; lastKnownFileType = sourcecode.swift; path = Ftux.swift; sourceTree = "<group>"; };
		3A83C76528995AFA007AB7CE /* Siniar.app */ = {isa = PBXFileReference; explicitFileType = wrapper.application; includeInIndex = 0; path = Siniar.app; sourceTree = BUILT_PRODUCTS_DIR; };
		3A83C76828995AFA007AB7CE /* AppDelegate.swift */ = {isa = PBXFileReference; lastKnownFileType = sourcecode.swift; path = AppDelegate.swift; sourceTree = "<group>"; };
		3A83C76A28995AFA007AB7CE /* SceneDelegate.swift */ = {isa = PBXFileReference; lastKnownFileType = sourcecode.swift; path = SceneDelegate.swift; sourceTree = "<group>"; };
		3A83C77228995AFA007AB7CE /* Siniar.xcdatamodel */ = {isa = PBXFileReference; lastKnownFileType = wrapper.xcdatamodel; path = Siniar.xcdatamodel; sourceTree = "<group>"; };
		3A83C77428995AFC007AB7CE /* Assets.xcassets */ = {isa = PBXFileReference; lastKnownFileType = folder.assetcatalog; path = Assets.xcassets; sourceTree = "<group>"; };
		3A83C77728995AFC007AB7CE /* Base */ = {isa = PBXFileReference; lastKnownFileType = file.storyboard; name = Base; path = Base.lproj/LaunchScreen.storyboard; sourceTree = "<group>"; };
		3A83C77928995AFC007AB7CE /* Info.plist */ = {isa = PBXFileReference; lastKnownFileType = text.plist.xml; path = Info.plist; sourceTree = "<group>"; };
		3A83C77E28995AFD007AB7CE /* SiniarTests.xctest */ = {isa = PBXFileReference; explicitFileType = wrapper.cfbundle; includeInIndex = 0; path = SiniarTests.xctest; sourceTree = BUILT_PRODUCTS_DIR; };
		3A83C78228995AFD007AB7CE /* SiniarTests.swift */ = {isa = PBXFileReference; lastKnownFileType = sourcecode.swift; path = SiniarTests.swift; sourceTree = "<group>"; };
		3A83C78828995AFD007AB7CE /* SiniarUITests.xctest */ = {isa = PBXFileReference; explicitFileType = wrapper.cfbundle; includeInIndex = 0; path = SiniarUITests.xctest; sourceTree = BUILT_PRODUCTS_DIR; };
		3A83C78C28995AFD007AB7CE /* SiniarUITests.swift */ = {isa = PBXFileReference; lastKnownFileType = sourcecode.swift; path = SiniarUITests.swift; sourceTree = "<group>"; };
		3A83C78E28995AFD007AB7CE /* SiniarUITestsLaunchTests.swift */ = {isa = PBXFileReference; lastKnownFileType = sourcecode.swift; path = SiniarUITestsLaunchTests.swift; sourceTree = "<group>"; };
		3A83C79E28995C6F007AB7CE /* FtuxViewController.swift */ = {isa = PBXFileReference; lastKnownFileType = sourcecode.swift; path = FtuxViewController.swift; sourceTree = "<group>"; };
		3A83C7A12899624D007AB7CE /* ColorExtensions.swift */ = {isa = PBXFileReference; lastKnownFileType = sourcecode.swift; path = ColorExtensions.swift; sourceTree = "<group>"; };
		3A83C7A428996431007AB7CE /* PrimaryButton.swift */ = {isa = PBXFileReference; lastKnownFileType = sourcecode.swift; path = PrimaryButton.swift; sourceTree = "<group>"; };
		3A83C7A628996600007AB7CE /* SmallPrimaryButton.swift */ = {isa = PBXFileReference; lastKnownFileType = sourcecode.swift; path = SmallPrimaryButton.swift; sourceTree = "<group>"; };
		3A83C7A828996C9E007AB7CE /* FtuxViewCell.swift */ = {isa = PBXFileReference; lastKnownFileType = sourcecode.swift; path = FtuxViewCell.swift; sourceTree = "<group>"; };
		3A8AF7B728A2986D00B18232 /* MusicViewCell.swift */ = {isa = PBXFileReference; lastKnownFileType = sourcecode.swift; path = MusicViewCell.swift; sourceTree = "<group>"; };
		3ACA00D1289E9E650081F68F /* MainViewController.swift */ = {isa = PBXFileReference; lastKnownFileType = sourcecode.swift; path = MainViewController.swift; sourceTree = "<group>"; };
		3ACA00D4289EA0610081F68F /* HomeViewController.swift */ = {isa = PBXFileReference; lastKnownFileType = sourcecode.swift; path = HomeViewController.swift; sourceTree = "<group>"; };
		3ACA00D7289EA08F0081F68F /* SearchViewController.swift */ = {isa = PBXFileReference; lastKnownFileType = sourcecode.swift; path = SearchViewController.swift; sourceTree = "<group>"; };
		3ACA00DA289EA0B20081F68F /* AccountViewController.swift */ = {isa = PBXFileReference; lastKnownFileType = sourcecode.swift; path = AccountViewController.swift; sourceTree = "<group>"; };
		3ACA00DC289EA7C20081F68F /* AlbumsViewCell.swift */ = {isa = PBXFileReference; lastKnownFileType = sourcecode.swift; path = AlbumsViewCell.swift; sourceTree = "<group>"; };
		3ACA00DE289EA9DF0081F68F /* AlbumViewCell.swift */ = {isa = PBXFileReference; lastKnownFileType = sourcecode.swift; path = AlbumViewCell.swift; sourceTree = "<group>"; };
		4401713ECA9CAED37813301A /* Pods-SiniarTests.debug.xcconfig */ = {isa = PBXFileReference; includeInIndex = 1; lastKnownFileType = text.xcconfig; name = "Pods-SiniarTests.debug.xcconfig"; path = "Target Support Files/Pods-SiniarTests/Pods-SiniarTests.debug.xcconfig"; sourceTree = "<group>"; };
		7BC3571D5C3BB35138ECB3BF /* Pods_SiniarTests.framework */ = {isa = PBXFileReference; explicitFileType = wrapper.framework; includeInIndex = 0; path = Pods_SiniarTests.framework; sourceTree = BUILT_PRODUCTS_DIR; };
		8FBDBD6FF6A44D2D5994B40C /* Pods-SiniarTests.release.xcconfig */ = {isa = PBXFileReference; includeInIndex = 1; lastKnownFileType = text.xcconfig; name = "Pods-SiniarTests.release.xcconfig"; path = "Target Support Files/Pods-SiniarTests/Pods-SiniarTests.release.xcconfig"; sourceTree = "<group>"; };
		B99981391E412288F8CA9A24 /* Pods-Siniar-SiniarUITests.release.xcconfig */ = {isa = PBXFileReference; includeInIndex = 1; lastKnownFileType = text.xcconfig; name = "Pods-Siniar-SiniarUITests.release.xcconfig"; path = "Target Support Files/Pods-Siniar-SiniarUITests/Pods-Siniar-SiniarUITests.release.xcconfig"; sourceTree = "<group>"; };
		BBDCB049B2FCE67918ECD9F1 /* Pods_Siniar_SiniarUITests.framework */ = {isa = PBXFileReference; explicitFileType = wrapper.framework; includeInIndex = 0; path = Pods_Siniar_SiniarUITests.framework; sourceTree = BUILT_PRODUCTS_DIR; };
		EBB9DAF63A5AA24490AB24ED /* Pods-Siniar.debug.xcconfig */ = {isa = PBXFileReference; includeInIndex = 1; lastKnownFileType = text.xcconfig; name = "Pods-Siniar.debug.xcconfig"; path = "Target Support Files/Pods-Siniar/Pods-Siniar.debug.xcconfig"; sourceTree = "<group>"; };
/* End PBXFileReference section */

/* Begin PBXFrameworksBuildPhase section */
		3A83C76228995AFA007AB7CE /* Frameworks */ = {
			isa = PBXFrameworksBuildPhase;
			buildActionMask = 2147483647;
			files = (
				57090CE315AE5AB3199F8220 /* Pods_Siniar.framework in Frameworks */,
			);
			runOnlyForDeploymentPostprocessing = 0;
		};
		3A83C77B28995AFD007AB7CE /* Frameworks */ = {
			isa = PBXFrameworksBuildPhase;
			buildActionMask = 2147483647;
			files = (
				568E47917ECF879567F9ACD6 /* Pods_SiniarTests.framework in Frameworks */,
			);
			runOnlyForDeploymentPostprocessing = 0;
		};
		3A83C78528995AFD007AB7CE /* Frameworks */ = {
			isa = PBXFrameworksBuildPhase;
			buildActionMask = 2147483647;
			files = (
				5EACE7054D6703446B370663 /* Pods_Siniar_SiniarUITests.framework in Frameworks */,
			);
			runOnlyForDeploymentPostprocessing = 0;
		};
/* End PBXFrameworksBuildPhase section */

/* Begin PBXGroup section */
		3A787FB6289E8EA000C334A6 /* Models */ = {
			isa = PBXGroup;
			children = (
				3A787FB7289E8EAD00C334A6 /* Ftux.swift */,
			);
			path = Models;
			sourceTree = "<group>";
		};
		3A83C75C28995AFA007AB7CE = {
			isa = PBXGroup;
			children = (
				3A83C76728995AFA007AB7CE /* Siniar */,
				3A83C78128995AFD007AB7CE /* SiniarTests */,
				3A83C78B28995AFD007AB7CE /* SiniarUITests */,
				3A83C76628995AFA007AB7CE /* Products */,
				FAF67D32D5D64C6800A9128B /* Pods */,
				F6C04D94EB9B38A4C52076D6 /* Frameworks */,
			);
			sourceTree = "<group>";
		};
		3A83C76628995AFA007AB7CE /* Products */ = {
			isa = PBXGroup;
			children = (
				3A83C76528995AFA007AB7CE /* Siniar.app */,
				3A83C77E28995AFD007AB7CE /* SiniarTests.xctest */,
				3A83C78828995AFD007AB7CE /* SiniarUITests.xctest */,
			);
			name = Products;
			sourceTree = "<group>";
		};
		3A83C76728995AFA007AB7CE /* Siniar */ = {
			isa = PBXGroup;
			children = (
				3A83C76828995AFA007AB7CE /* AppDelegate.swift */,
				3A83C76A28995AFA007AB7CE /* SceneDelegate.swift */,
				3A83C79B28995C28007AB7CE /* Classes */,
				3A83C77428995AFC007AB7CE /* Assets.xcassets */,
				3A83C77628995AFC007AB7CE /* LaunchScreen.storyboard */,
				3A83C77928995AFC007AB7CE /* Info.plist */,
				3A83C77128995AFA007AB7CE /* Siniar.xcdatamodeld */,
			);
			path = Siniar;
			sourceTree = "<group>";
		};
		3A83C78128995AFD007AB7CE /* SiniarTests */ = {
			isa = PBXGroup;
			children = (
				3A83C78228995AFD007AB7CE /* SiniarTests.swift */,
			);
			path = SiniarTests;
			sourceTree = "<group>";
		};
		3A83C78B28995AFD007AB7CE /* SiniarUITests */ = {
			isa = PBXGroup;
			children = (
				3A83C78C28995AFD007AB7CE /* SiniarUITests.swift */,
				3A83C78E28995AFD007AB7CE /* SiniarUITestsLaunchTests.swift */,
			);
			path = SiniarUITests;
			sourceTree = "<group>";
		};
		3A83C79B28995C28007AB7CE /* Classes */ = {
			isa = PBXGroup;
			children = (
				3A787FB6289E8EA000C334A6 /* Models */,
				3A83C7A3289963F2007AB7CE /* Views */,
				3A83C7A028996236007AB7CE /* Extensions */,
				3A83C79C28995C3C007AB7CE /* Modules */,
			);
			path = Classes;
			sourceTree = "<group>";
		};
		3A83C79C28995C3C007AB7CE /* Modules */ = {
			isa = PBXGroup;
			children = (
				3ACA00D9289EA0A00081F68F /* Account */,
				3ACA00D6289EA0810081F68F /* Search */,
				3ACA00D3289EA04E0081F68F /* Home */,
				3ACA00D0289E9E4E0081F68F /* Main */,
				3A83C79D28995C47007AB7CE /* Ftux */,
			);
			path = Modules;
			sourceTree = "<group>";
		};
		3A83C79D28995C47007AB7CE /* Ftux */ = {
			isa = PBXGroup;
			children = (
				3A83C79E28995C6F007AB7CE /* FtuxViewController.swift */,
				3A83C7A828996C9E007AB7CE /* FtuxViewCell.swift */,
			);
			path = Ftux;
			sourceTree = "<group>";
		};
		3A83C7A028996236007AB7CE /* Extensions */ = {
			isa = PBXGroup;
			children = (
				3A83C7A12899624D007AB7CE /* ColorExtensions.swift */,
			);
			path = Extensions;
			sourceTree = "<group>";
		};
		3A83C7A3289963F2007AB7CE /* Views */ = {
			isa = PBXGroup;
			children = (
				3A83C7A428996431007AB7CE /* PrimaryButton.swift */,
				3A83C7A628996600007AB7CE /* SmallPrimaryButton.swift */,
			);
			path = Views;
			sourceTree = "<group>";
		};
		3ACA00D0289E9E4E0081F68F /* Main */ = {
			isa = PBXGroup;
			children = (
				3ACA00D1289E9E650081F68F /* MainViewController.swift */,
			);
			path = Main;
			sourceTree = "<group>";
		};
		3ACA00D3289EA04E0081F68F /* Home */ = {
			isa = PBXGroup;
			children = (
				3ACA00D4289EA0610081F68F /* HomeViewController.swift */,
				3ACA00DC289EA7C20081F68F /* AlbumsViewCell.swift */,
				3ACA00DE289EA9DF0081F68F /* AlbumViewCell.swift */,
				3A8AF7B728A2986D00B18232 /* MusicViewCell.swift */,
			);
			path = Home;
			sourceTree = "<group>";
		};
		3ACA00D6289EA0810081F68F /* Search */ = {
			isa = PBXGroup;
			children = (
				3ACA00D7289EA08F0081F68F /* SearchViewController.swift */,
			);
			path = Search;
			sourceTree = "<group>";
		};
		3ACA00D9289EA0A00081F68F /* Account */ = {
			isa = PBXGroup;
			children = (
				3ACA00DA289EA0B20081F68F /* AccountViewController.swift */,
			);
			path = Account;
			sourceTree = "<group>";
		};
		F6C04D94EB9B38A4C52076D6 /* Frameworks */ = {
			isa = PBXGroup;
			children = (
				0F5AFA52F78DBEDD54008B54 /* Pods_Siniar.framework */,
				BBDCB049B2FCE67918ECD9F1 /* Pods_Siniar_SiniarUITests.framework */,
				7BC3571D5C3BB35138ECB3BF /* Pods_SiniarTests.framework */,
			);
			name = Frameworks;
			sourceTree = "<group>";
		};
		FAF67D32D5D64C6800A9128B /* Pods */ = {
			isa = PBXGroup;
			children = (
				EBB9DAF63A5AA24490AB24ED /* Pods-Siniar.debug.xcconfig */,
				2120870ACC55399EA03ACC9D /* Pods-Siniar.release.xcconfig */,
				196544EA48F440DB7F05BBED /* Pods-Siniar-SiniarUITests.debug.xcconfig */,
				B99981391E412288F8CA9A24 /* Pods-Siniar-SiniarUITests.release.xcconfig */,
				4401713ECA9CAED37813301A /* Pods-SiniarTests.debug.xcconfig */,
				8FBDBD6FF6A44D2D5994B40C /* Pods-SiniarTests.release.xcconfig */,
			);
			name = Pods;
			path = Pods;
			sourceTree = "<group>";
		};
/* End PBXGroup section */

/* Begin PBXNativeTarget section */
		3A83C76428995AFA007AB7CE /* Siniar */ = {
			isa = PBXNativeTarget;
			buildConfigurationList = 3A83C79228995AFD007AB7CE /* Build configuration list for PBXNativeTarget "Siniar" */;
			buildPhases = (
				FE85C41F2DDF28B5C07ACB5B /* [CP] Check Pods Manifest.lock */,
				3A83C76128995AFA007AB7CE /* Sources */,
				3A83C76228995AFA007AB7CE /* Frameworks */,
				3A83C76328995AFA007AB7CE /* Resources */,
				3F237F6F108DE1FC35484D61 /* [CP] Embed Pods Frameworks */,
			);
			buildRules = (
			);
			dependencies = (
			);
			name = Siniar;
			productName = Siniar;
			productReference = 3A83C76528995AFA007AB7CE /* Siniar.app */;
			productType = "com.apple.product-type.application";
		};
		3A83C77D28995AFD007AB7CE /* SiniarTests */ = {
			isa = PBXNativeTarget;
			buildConfigurationList = 3A83C79528995AFD007AB7CE /* Build configuration list for PBXNativeTarget "SiniarTests" */;
			buildPhases = (
				364E4379158C72D044D090B9 /* [CP] Check Pods Manifest.lock */,
				3A83C77A28995AFD007AB7CE /* Sources */,
				3A83C77B28995AFD007AB7CE /* Frameworks */,
				3A83C77C28995AFD007AB7CE /* Resources */,
			);
			buildRules = (
			);
			dependencies = (
				3A83C78028995AFD007AB7CE /* PBXTargetDependency */,
			);
			name = SiniarTests;
			productName = SiniarTests;
			productReference = 3A83C77E28995AFD007AB7CE /* SiniarTests.xctest */;
			productType = "com.apple.product-type.bundle.unit-test";
		};
		3A83C78728995AFD007AB7CE /* SiniarUITests */ = {
			isa = PBXNativeTarget;
			buildConfigurationList = 3A83C79828995AFD007AB7CE /* Build configuration list for PBXNativeTarget "SiniarUITests" */;
			buildPhases = (
				FC171063CE08022DD9F80F4A /* [CP] Check Pods Manifest.lock */,
				3A83C78428995AFD007AB7CE /* Sources */,
				3A83C78528995AFD007AB7CE /* Frameworks */,
				3A83C78628995AFD007AB7CE /* Resources */,
				081AB3945D81F517F8395B60 /* [CP] Embed Pods Frameworks */,
			);
			buildRules = (
			);
			dependencies = (
				3A83C78A28995AFD007AB7CE /* PBXTargetDependency */,
			);
			name = SiniarUITests;
			productName = SiniarUITests;
			productReference = 3A83C78828995AFD007AB7CE /* SiniarUITests.xctest */;
			productType = "com.apple.product-type.bundle.ui-testing";
		};
/* End PBXNativeTarget section */

/* Begin PBXProject section */
		3A83C75D28995AFA007AB7CE /* Project object */ = {
			isa = PBXProject;
			attributes = {
				BuildIndependentTargetsInParallel = 1;
				LastSwiftUpdateCheck = 1340;
				LastUpgradeCheck = 1340;
				TargetAttributes = {
					3A83C76428995AFA007AB7CE = {
						CreatedOnToolsVersion = 13.4.1;
					};
					3A83C77D28995AFD007AB7CE = {
						CreatedOnToolsVersion = 13.4.1;
						TestTargetID = 3A83C76428995AFA007AB7CE;
					};
					3A83C78728995AFD007AB7CE = {
						CreatedOnToolsVersion = 13.4.1;
						TestTargetID = 3A83C76428995AFA007AB7CE;
					};
				};
			};
			buildConfigurationList = 3A83C76028995AFA007AB7CE /* Build configuration list for PBXProject "Siniar" */;
			compatibilityVersion = "Xcode 13.0";
			developmentRegion = en;
			hasScannedForEncodings = 0;
			knownRegions = (
				en,
				Base,
			);
			mainGroup = 3A83C75C28995AFA007AB7CE;
			productRefGroup = 3A83C76628995AFA007AB7CE /* Products */;
			projectDirPath = "";
			projectRoot = "";
			targets = (
				3A83C76428995AFA007AB7CE /* Siniar */,
				3A83C77D28995AFD007AB7CE /* SiniarTests */,
				3A83C78728995AFD007AB7CE /* SiniarUITests */,
			);
		};
/* End PBXProject section */

/* Begin PBXResourcesBuildPhase section */
		3A83C76328995AFA007AB7CE /* Resources */ = {
			isa = PBXResourcesBuildPhase;
			buildActionMask = 2147483647;
			files = (
				3A83C77828995AFC007AB7CE /* LaunchScreen.storyboard in Resources */,
				3A83C77528995AFC007AB7CE /* Assets.xcassets in Resources */,
			);
			runOnlyForDeploymentPostprocessing = 0;
		};
		3A83C77C28995AFD007AB7CE /* Resources */ = {
			isa = PBXResourcesBuildPhase;
			buildActionMask = 2147483647;
			files = (
			);
			runOnlyForDeploymentPostprocessing = 0;
		};
		3A83C78628995AFD007AB7CE /* Resources */ = {
			isa = PBXResourcesBuildPhase;
			buildActionMask = 2147483647;
			files = (
			);
			runOnlyForDeploymentPostprocessing = 0;
		};
/* End PBXResourcesBuildPhase section */

/* Begin PBXShellScriptBuildPhase section */
		081AB3945D81F517F8395B60 /* [CP] Embed Pods Frameworks */ = {
			isa = PBXShellScriptBuildPhase;
			buildActionMask = 2147483647;
			files = (
			);
			inputFileListPaths = (
				"${PODS_ROOT}/Target Support Files/Pods-Siniar-SiniarUITests/Pods-Siniar-SiniarUITests-frameworks-${CONFIGURATION}-input-files.xcfilelist",
			);
			name = "[CP] Embed Pods Frameworks";
			outputFileListPaths = (
				"${PODS_ROOT}/Target Support Files/Pods-Siniar-SiniarUITests/Pods-Siniar-SiniarUITests-frameworks-${CONFIGURATION}-output-files.xcfilelist",
			);
			runOnlyForDeploymentPostprocessing = 0;
			shellPath = /bin/sh;
			shellScript = "\"${PODS_ROOT}/Target Support Files/Pods-Siniar-SiniarUITests/Pods-Siniar-SiniarUITests-frameworks.sh\"\n";
			showEnvVarsInLog = 0;
		};
		364E4379158C72D044D090B9 /* [CP] Check Pods Manifest.lock */ = {
			isa = PBXShellScriptBuildPhase;
			buildActionMask = 2147483647;
			files = (
			);
			inputFileListPaths = (
			);
			inputPaths = (
				"${PODS_PODFILE_DIR_PATH}/Podfile.lock",
				"${PODS_ROOT}/Manifest.lock",
			);
			name = "[CP] Check Pods Manifest.lock";
			outputFileListPaths = (
			);
			outputPaths = (
				"$(DERIVED_FILE_DIR)/Pods-SiniarTests-checkManifestLockResult.txt",
			);
			runOnlyForDeploymentPostprocessing = 0;
			shellPath = /bin/sh;
			shellScript = "diff \"${PODS_PODFILE_DIR_PATH}/Podfile.lock\" \"${PODS_ROOT}/Manifest.lock\" > /dev/null\nif [ $? != 0 ] ; then\n    # print error to STDERR\n    echo \"error: The sandbox is not in sync with the Podfile.lock. Run 'pod install' or update your CocoaPods installation.\" >&2\n    exit 1\nfi\n# This output is used by Xcode 'outputs' to avoid re-running this script phase.\necho \"SUCCESS\" > \"${SCRIPT_OUTPUT_FILE_0}\"\n";
			showEnvVarsInLog = 0;
		};
		3F237F6F108DE1FC35484D61 /* [CP] Embed Pods Frameworks */ = {
			isa = PBXShellScriptBuildPhase;
			buildActionMask = 2147483647;
			files = (
			);
			inputFileListPaths = (
				"${PODS_ROOT}/Target Support Files/Pods-Siniar/Pods-Siniar-frameworks-${CONFIGURATION}-input-files.xcfilelist",
			);
			name = "[CP] Embed Pods Frameworks";
			outputFileListPaths = (
				"${PODS_ROOT}/Target Support Files/Pods-Siniar/Pods-Siniar-frameworks-${CONFIGURATION}-output-files.xcfilelist",
			);
			runOnlyForDeploymentPostprocessing = 0;
			shellPath = /bin/sh;
			shellScript = "\"${PODS_ROOT}/Target Support Files/Pods-Siniar/Pods-Siniar-frameworks.sh\"\n";
			showEnvVarsInLog = 0;
		};
		FC171063CE08022DD9F80F4A /* [CP] Check Pods Manifest.lock */ = {
			isa = PBXShellScriptBuildPhase;
			buildActionMask = 2147483647;
			files = (
			);
			inputFileListPaths = (
			);
			inputPaths = (
				"${PODS_PODFILE_DIR_PATH}/Podfile.lock",
				"${PODS_ROOT}/Manifest.lock",
			);
			name = "[CP] Check Pods Manifest.lock";
			outputFileListPaths = (
			);
			outputPaths = (
				"$(DERIVED_FILE_DIR)/Pods-Siniar-SiniarUITests-checkManifestLockResult.txt",
			);
			runOnlyForDeploymentPostprocessing = 0;
			shellPath = /bin/sh;
			shellScript = "diff \"${PODS_PODFILE_DIR_PATH}/Podfile.lock\" \"${PODS_ROOT}/Manifest.lock\" > /dev/null\nif [ $? != 0 ] ; then\n    # print error to STDERR\n    echo \"error: The sandbox is not in sync with the Podfile.lock. Run 'pod install' or update your CocoaPods installation.\" >&2\n    exit 1\nfi\n# This output is used by Xcode 'outputs' to avoid re-running this script phase.\necho \"SUCCESS\" > \"${SCRIPT_OUTPUT_FILE_0}\"\n";
			showEnvVarsInLog = 0;
		};
		FE85C41F2DDF28B5C07ACB5B /* [CP] Check Pods Manifest.lock */ = {
			isa = PBXShellScriptBuildPhase;
			buildActionMask = 2147483647;
			files = (
			);
			inputFileListPaths = (
			);
			inputPaths = (
				"${PODS_PODFILE_DIR_PATH}/Podfile.lock",
				"${PODS_ROOT}/Manifest.lock",
			);
			name = "[CP] Check Pods Manifest.lock";
			outputFileListPaths = (
			);
			outputPaths = (
				"$(DERIVED_FILE_DIR)/Pods-Siniar-checkManifestLockResult.txt",
			);
			runOnlyForDeploymentPostprocessing = 0;
			shellPath = /bin/sh;
			shellScript = "diff \"${PODS_PODFILE_DIR_PATH}/Podfile.lock\" \"${PODS_ROOT}/Manifest.lock\" > /dev/null\nif [ $? != 0 ] ; then\n    # print error to STDERR\n    echo \"error: The sandbox is not in sync with the Podfile.lock. Run 'pod install' or update your CocoaPods installation.\" >&2\n    exit 1\nfi\n# This output is used by Xcode 'outputs' to avoid re-running this script phase.\necho \"SUCCESS\" > \"${SCRIPT_OUTPUT_FILE_0}\"\n";
			showEnvVarsInLog = 0;
		};
/* End PBXShellScriptBuildPhase section */

/* Begin PBXSourcesBuildPhase section */
		3A83C76128995AFA007AB7CE /* Sources */ = {
			isa = PBXSourcesBuildPhase;
			buildActionMask = 2147483647;
			files = (
				3ACA00DD289EA7C20081F68F /* AlbumsViewCell.swift in Sources */,
				3A83C7A528996431007AB7CE /* PrimaryButton.swift in Sources */,
				3A83C77328995AFA007AB7CE /* Siniar.xcdatamodeld in Sources */,
				3ACA00DB289EA0B20081F68F /* AccountViewController.swift in Sources */,
				3A83C7A22899624D007AB7CE /* ColorExtensions.swift in Sources */,
				3A83C79F28995C6F007AB7CE /* FtuxViewController.swift in Sources */,
				3A83C7A728996600007AB7CE /* SmallPrimaryButton.swift in Sources */,
				3A83C76928995AFA007AB7CE /* AppDelegate.swift in Sources */,
				3ACA00D8289EA08F0081F68F /* SearchViewController.swift in Sources */,
				3A83C76B28995AFA007AB7CE /* SceneDelegate.swift in Sources */,
				3A8AF7B828A2986D00B18232 /* MusicViewCell.swift in Sources */,
				3ACA00D5289EA0610081F68F /* HomeViewController.swift in Sources */,
				3A787FB8289E8EAD00C334A6 /* Ftux.swift in Sources */,
				3A83C7A928996C9E007AB7CE /* FtuxViewCell.swift in Sources */,
				3ACA00D2289E9E650081F68F /* MainViewController.swift in Sources */,
				3ACA00DF289EA9DF0081F68F /* AlbumViewCell.swift in Sources */,
			);
			runOnlyForDeploymentPostprocessing = 0;
		};
		3A83C77A28995AFD007AB7CE /* Sources */ = {
			isa = PBXSourcesBuildPhase;
			buildActionMask = 2147483647;
			files = (
				3A83C78328995AFD007AB7CE /* SiniarTests.swift in Sources */,
			);
			runOnlyForDeploymentPostprocessing = 0;
		};
		3A83C78428995AFD007AB7CE /* Sources */ = {
			isa = PBXSourcesBuildPhase;
			buildActionMask = 2147483647;
			files = (
				3A83C78F28995AFD007AB7CE /* SiniarUITestsLaunchTests.swift in Sources */,
				3A83C78D28995AFD007AB7CE /* SiniarUITests.swift in Sources */,
			);
			runOnlyForDeploymentPostprocessing = 0;
		};
/* End PBXSourcesBuildPhase section */

/* Begin PBXTargetDependency section */
		3A83C78028995AFD007AB7CE /* PBXTargetDependency */ = {
			isa = PBXTargetDependency;
			target = 3A83C76428995AFA007AB7CE /* Siniar */;
			targetProxy = 3A83C77F28995AFD007AB7CE /* PBXContainerItemProxy */;
		};
		3A83C78A28995AFD007AB7CE /* PBXTargetDependency */ = {
			isa = PBXTargetDependency;
			target = 3A83C76428995AFA007AB7CE /* Siniar */;
			targetProxy = 3A83C78928995AFD007AB7CE /* PBXContainerItemProxy */;
		};
/* End PBXTargetDependency section */

/* Begin PBXVariantGroup section */
		3A83C77628995AFC007AB7CE /* LaunchScreen.storyboard */ = {
			isa = PBXVariantGroup;
			children = (
				3A83C77728995AFC007AB7CE /* Base */,
			);
			name = LaunchScreen.storyboard;
			sourceTree = "<group>";
		};
/* End PBXVariantGroup section */

/* Begin XCBuildConfiguration section */
		3A83C79028995AFD007AB7CE /* Debug */ = {
			isa = XCBuildConfiguration;
			buildSettings = {
				ALWAYS_SEARCH_USER_PATHS = NO;
				CLANG_ANALYZER_NONNULL = YES;
				CLANG_ANALYZER_NUMBER_OBJECT_CONVERSION = YES_AGGRESSIVE;
				CLANG_CXX_LANGUAGE_STANDARD = "gnu++17";
				CLANG_ENABLE_MODULES = YES;
				CLANG_ENABLE_OBJC_ARC = YES;
				CLANG_ENABLE_OBJC_WEAK = YES;
				CLANG_WARN_BLOCK_CAPTURE_AUTORELEASING = YES;
				CLANG_WARN_BOOL_CONVERSION = YES;
				CLANG_WARN_COMMA = YES;
				CLANG_WARN_CONSTANT_CONVERSION = YES;
				CLANG_WARN_DEPRECATED_OBJC_IMPLEMENTATIONS = YES;
				CLANG_WARN_DIRECT_OBJC_ISA_USAGE = YES_ERROR;
				CLANG_WARN_DOCUMENTATION_COMMENTS = YES;
				CLANG_WARN_EMPTY_BODY = YES;
				CLANG_WARN_ENUM_CONVERSION = YES;
				CLANG_WARN_INFINITE_RECURSION = YES;
				CLANG_WARN_INT_CONVERSION = YES;
				CLANG_WARN_NON_LITERAL_NULL_CONVERSION = YES;
				CLANG_WARN_OBJC_IMPLICIT_RETAIN_SELF = YES;
				CLANG_WARN_OBJC_LITERAL_CONVERSION = YES;
				CLANG_WARN_OBJC_ROOT_CLASS = YES_ERROR;
				CLANG_WARN_QUOTED_INCLUDE_IN_FRAMEWORK_HEADER = YES;
				CLANG_WARN_RANGE_LOOP_ANALYSIS = YES;
				CLANG_WARN_STRICT_PROTOTYPES = YES;
				CLANG_WARN_SUSPICIOUS_MOVE = YES;
				CLANG_WARN_UNGUARDED_AVAILABILITY = YES_AGGRESSIVE;
				CLANG_WARN_UNREACHABLE_CODE = YES;
				CLANG_WARN__DUPLICATE_METHOD_MATCH = YES;
				COPY_PHASE_STRIP = NO;
				DEBUG_INFORMATION_FORMAT = dwarf;
				ENABLE_STRICT_OBJC_MSGSEND = YES;
				ENABLE_TESTABILITY = YES;
				GCC_C_LANGUAGE_STANDARD = gnu11;
				GCC_DYNAMIC_NO_PIC = NO;
				GCC_NO_COMMON_BLOCKS = YES;
				GCC_OPTIMIZATION_LEVEL = 0;
				GCC_PREPROCESSOR_DEFINITIONS = (
					"DEBUG=1",
					"$(inherited)",
				);
				GCC_WARN_64_TO_32_BIT_CONVERSION = YES;
				GCC_WARN_ABOUT_RETURN_TYPE = YES_ERROR;
				GCC_WARN_UNDECLARED_SELECTOR = YES;
				GCC_WARN_UNINITIALIZED_AUTOS = YES_AGGRESSIVE;
				GCC_WARN_UNUSED_FUNCTION = YES;
				GCC_WARN_UNUSED_VARIABLE = YES;
				IPHONEOS_DEPLOYMENT_TARGET = 15.5;
				MTL_ENABLE_DEBUG_INFO = INCLUDE_SOURCE;
				MTL_FAST_MATH = YES;
				ONLY_ACTIVE_ARCH = YES;
				SDKROOT = iphoneos;
				SWIFT_ACTIVE_COMPILATION_CONDITIONS = DEBUG;
				SWIFT_OPTIMIZATION_LEVEL = "-Onone";
			};
			name = Debug;
		};
		3A83C79128995AFD007AB7CE /* Release */ = {
			isa = XCBuildConfiguration;
			buildSettings = {
				ALWAYS_SEARCH_USER_PATHS = NO;
				CLANG_ANALYZER_NONNULL = YES;
				CLANG_ANALYZER_NUMBER_OBJECT_CONVERSION = YES_AGGRESSIVE;
				CLANG_CXX_LANGUAGE_STANDARD = "gnu++17";
				CLANG_ENABLE_MODULES = YES;
				CLANG_ENABLE_OBJC_ARC = YES;
				CLANG_ENABLE_OBJC_WEAK = YES;
				CLANG_WARN_BLOCK_CAPTURE_AUTORELEASING = YES;
				CLANG_WARN_BOOL_CONVERSION = YES;
				CLANG_WARN_COMMA = YES;
				CLANG_WARN_CONSTANT_CONVERSION = YES;
				CLANG_WARN_DEPRECATED_OBJC_IMPLEMENTATIONS = YES;
				CLANG_WARN_DIRECT_OBJC_ISA_USAGE = YES_ERROR;
				CLANG_WARN_DOCUMENTATION_COMMENTS = YES;
				CLANG_WARN_EMPTY_BODY = YES;
				CLANG_WARN_ENUM_CONVERSION = YES;
				CLANG_WARN_INFINITE_RECURSION = YES;
				CLANG_WARN_INT_CONVERSION = YES;
				CLANG_WARN_NON_LITERAL_NULL_CONVERSION = YES;
				CLANG_WARN_OBJC_IMPLICIT_RETAIN_SELF = YES;
				CLANG_WARN_OBJC_LITERAL_CONVERSION = YES;
				CLANG_WARN_OBJC_ROOT_CLASS = YES_ERROR;
				CLANG_WARN_QUOTED_INCLUDE_IN_FRAMEWORK_HEADER = YES;
				CLANG_WARN_RANGE_LOOP_ANALYSIS = YES;
				CLANG_WARN_STRICT_PROTOTYPES = YES;
				CLANG_WARN_SUSPICIOUS_MOVE = YES;
				CLANG_WARN_UNGUARDED_AVAILABILITY = YES_AGGRESSIVE;
				CLANG_WARN_UNREACHABLE_CODE = YES;
				CLANG_WARN__DUPLICATE_METHOD_MATCH = YES;
				COPY_PHASE_STRIP = NO;
				DEBUG_INFORMATION_FORMAT = "dwarf-with-dsym";
				ENABLE_NS_ASSERTIONS = NO;
				ENABLE_STRICT_OBJC_MSGSEND = YES;
				GCC_C_LANGUAGE_STANDARD = gnu11;
				GCC_NO_COMMON_BLOCKS = YES;
				GCC_WARN_64_TO_32_BIT_CONVERSION = YES;
				GCC_WARN_ABOUT_RETURN_TYPE = YES_ERROR;
				GCC_WARN_UNDECLARED_SELECTOR = YES;
				GCC_WARN_UNINITIALIZED_AUTOS = YES_AGGRESSIVE;
				GCC_WARN_UNUSED_FUNCTION = YES;
				GCC_WARN_UNUSED_VARIABLE = YES;
				IPHONEOS_DEPLOYMENT_TARGET = 15.5;
				MTL_ENABLE_DEBUG_INFO = NO;
				MTL_FAST_MATH = YES;
				SDKROOT = iphoneos;
				SWIFT_COMPILATION_MODE = wholemodule;
				SWIFT_OPTIMIZATION_LEVEL = "-O";
				VALIDATE_PRODUCT = YES;
			};
			name = Release;
		};
		3A83C79328995AFD007AB7CE /* Debug */ = {
			isa = XCBuildConfiguration;
			baseConfigurationReference = EBB9DAF63A5AA24490AB24ED /* Pods-Siniar.debug.xcconfig */;
			buildSettings = {
				ASSETCATALOG_COMPILER_APPICON_NAME = AppIcon;
				ASSETCATALOG_COMPILER_GLOBAL_ACCENT_COLOR_NAME = AccentColor;
				CODE_SIGN_STYLE = Automatic;
				CURRENT_PROJECT_VERSION = 1;
				DEVELOPMENT_TEAM = MY9GHM6UCV;
				GENERATE_INFOPLIST_FILE = YES;
				INFOPLIST_FILE = Siniar/Info.plist;
				INFOPLIST_KEY_UIApplicationSupportsIndirectInputEvents = YES;
				INFOPLIST_KEY_UILaunchStoryboardName = LaunchScreen;
				INFOPLIST_KEY_UISupportedInterfaceOrientations = UIInterfaceOrientationPortrait;
				INFOPLIST_KEY_UISupportedInterfaceOrientations_iPad = "UIInterfaceOrientationPortrait UIInterfaceOrientationPortraitUpsideDown UIInterfaceOrientationLandscapeLeft UIInterfaceOrientationLandscapeRight";
				INFOPLIST_KEY_UISupportedInterfaceOrientations_iPhone = "UIInterfaceOrientationPortrait UIInterfaceOrientationLandscapeLeft UIInterfaceOrientationLandscapeRight";
				IPHONEOS_DEPLOYMENT_TARGET = 10.0;
				LD_RUNPATH_SEARCH_PATHS = (
					"$(inherited)",
					"@executable_path/Frameworks",
				);
				MARKETING_VERSION = 1.0;
				PRODUCT_BUNDLE_IDENTIFIER = com.bayuwy.Siniar;
				PRODUCT_NAME = "$(TARGET_NAME)";
				SWIFT_EMIT_LOC_STRINGS = YES;
				SWIFT_VERSION = 5.0;
				TARGETED_DEVICE_FAMILY = 1;
			};
			name = Debug;
		};
		3A83C79428995AFD007AB7CE /* Release */ = {
			isa = XCBuildConfiguration;
			baseConfigurationReference = 2120870ACC55399EA03ACC9D /* Pods-Siniar.release.xcconfig */;
			buildSettings = {
				ASSETCATALOG_COMPILER_APPICON_NAME = AppIcon;
				ASSETCATALOG_COMPILER_GLOBAL_ACCENT_COLOR_NAME = AccentColor;
				CODE_SIGN_STYLE = Automatic;
				CURRENT_PROJECT_VERSION = 1;
				DEVELOPMENT_TEAM = MY9GHM6UCV;
				GENERATE_INFOPLIST_FILE = YES;
				INFOPLIST_FILE = Siniar/Info.plist;
				INFOPLIST_KEY_UIApplicationSupportsIndirectInputEvents = YES;
				INFOPLIST_KEY_UILaunchStoryboardName = LaunchScreen;
				INFOPLIST_KEY_UISupportedInterfaceOrientations = UIInterfaceOrientationPortrait;
				INFOPLIST_KEY_UISupportedInterfaceOrientations_iPad = "UIInterfaceOrientationPortrait UIInterfaceOrientationPortraitUpsideDown UIInterfaceOrientationLandscapeLeft UIInterfaceOrientationLandscapeRight";
				INFOPLIST_KEY_UISupportedInterfaceOrientations_iPhone = "UIInterfaceOrientationPortrait UIInterfaceOrientationLandscapeLeft UIInterfaceOrientationLandscapeRight";
				IPHONEOS_DEPLOYMENT_TARGET = 10.0;
				LD_RUNPATH_SEARCH_PATHS = (
					"$(inherited)",
					"@executable_path/Frameworks",
				);
				MARKETING_VERSION = 1.0;
				PRODUCT_BUNDLE_IDENTIFIER = com.bayuwy.Siniar;
				PRODUCT_NAME = "$(TARGET_NAME)";
				SWIFT_EMIT_LOC_STRINGS = YES;
				SWIFT_VERSION = 5.0;
				TARGETED_DEVICE_FAMILY = 1;
			};
			name = Release;
		};
		3A83C79628995AFD007AB7CE /* Debug */ = {
			isa = XCBuildConfiguration;
			baseConfigurationReference = 4401713ECA9CAED37813301A /* Pods-SiniarTests.debug.xcconfig */;
			buildSettings = {
				ALWAYS_EMBED_SWIFT_STANDARD_LIBRARIES = YES;
				BUNDLE_LOADER = "$(TEST_HOST)";
				CODE_SIGN_STYLE = Automatic;
				CURRENT_PROJECT_VERSION = 1;
				DEVELOPMENT_TEAM = MY9GHM6UCV;
				GENERATE_INFOPLIST_FILE = YES;
				IPHONEOS_DEPLOYMENT_TARGET = 15.5;
				MARKETING_VERSION = 1.0;
				PRODUCT_BUNDLE_IDENTIFIER = com.bayuwy.SiniarTests;
				PRODUCT_NAME = "$(TARGET_NAME)";
				SWIFT_EMIT_LOC_STRINGS = NO;
				SWIFT_VERSION = 5.0;
				TARGETED_DEVICE_FAMILY = "1,2";
				TEST_HOST = "$(BUILT_PRODUCTS_DIR)/Siniar.app/Siniar";
			};
			name = Debug;
		};
		3A83C79728995AFD007AB7CE /* Release */ = {
			isa = XCBuildConfiguration;
			baseConfigurationReference = 8FBDBD6FF6A44D2D5994B40C /* Pods-SiniarTests.release.xcconfig */;
			buildSettings = {
				ALWAYS_EMBED_SWIFT_STANDARD_LIBRARIES = YES;
				BUNDLE_LOADER = "$(TEST_HOST)";
				CODE_SIGN_STYLE = Automatic;
				CURRENT_PROJECT_VERSION = 1;
				DEVELOPMENT_TEAM = MY9GHM6UCV;
				GENERATE_INFOPLIST_FILE = YES;
				IPHONEOS_DEPLOYMENT_TARGET = 15.5;
				MARKETING_VERSION = 1.0;
				PRODUCT_BUNDLE_IDENTIFIER = com.bayuwy.SiniarTests;
				PRODUCT_NAME = "$(TARGET_NAME)";
				SWIFT_EMIT_LOC_STRINGS = NO;
				SWIFT_VERSION = 5.0;
				TARGETED_DEVICE_FAMILY = "1,2";
				TEST_HOST = "$(BUILT_PRODUCTS_DIR)/Siniar.app/Siniar";
			};
			name = Release;
		};
		3A83C79928995AFD007AB7CE /* Debug */ = {
			isa = XCBuildConfiguration;
			baseConfigurationReference = 196544EA48F440DB7F05BBED /* Pods-Siniar-SiniarUITests.debug.xcconfig */;
			buildSettings = {
				ALWAYS_EMBED_SWIFT_STANDARD_LIBRARIES = YES;
				CODE_SIGN_STYLE = Automatic;
				CURRENT_PROJECT_VERSION = 1;
				DEVELOPMENT_TEAM = MY9GHM6UCV;
				GENERATE_INFOPLIST_FILE = YES;
				MARKETING_VERSION = 1.0;
				PRODUCT_BUNDLE_IDENTIFIER = com.bayuwy.SiniarUITests;
				PRODUCT_NAME = "$(TARGET_NAME)";
				SWIFT_EMIT_LOC_STRINGS = NO;
				SWIFT_VERSION = 5.0;
				TARGETED_DEVICE_FAMILY = "1,2";
				TEST_TARGET_NAME = Siniar;
			};
			name = Debug;
		};
		3A83C79A28995AFD007AB7CE /* Release */ = {
			isa = XCBuildConfiguration;
			baseConfigurationReference = B99981391E412288F8CA9A24 /* Pods-Siniar-SiniarUITests.release.xcconfig */;
			buildSettings = {
				ALWAYS_EMBED_SWIFT_STANDARD_LIBRARIES = YES;
				CODE_SIGN_STYLE = Automatic;
				CURRENT_PROJECT_VERSION = 1;
				DEVELOPMENT_TEAM = MY9GHM6UCV;
				GENERATE_INFOPLIST_FILE = YES;
				MARKETING_VERSION = 1.0;
				PRODUCT_BUNDLE_IDENTIFIER = com.bayuwy.SiniarUITests;
				PRODUCT_NAME = "$(TARGET_NAME)";
				SWIFT_EMIT_LOC_STRINGS = NO;
				SWIFT_VERSION = 5.0;
				TARGETED_DEVICE_FAMILY = "1,2";
				TEST_TARGET_NAME = Siniar;
			};
			name = Release;
		};
/* End XCBuildConfiguration section */

/* Begin XCConfigurationList section */
		3A83C76028995AFA007AB7CE /* Build configuration list for PBXProject "Siniar" */ = {
			isa = XCConfigurationList;
			buildConfigurations = (
				3A83C79028995AFD007AB7CE /* Debug */,
				3A83C79128995AFD007AB7CE /* Release */,
			);
			defaultConfigurationIsVisible = 0;
			defaultConfigurationName = Release;
		};
		3A83C79228995AFD007AB7CE /* Build configuration list for PBXNativeTarget "Siniar" */ = {
			isa = XCConfigurationList;
			buildConfigurations = (
				3A83C79328995AFD007AB7CE /* Debug */,
				3A83C79428995AFD007AB7CE /* Release */,
			);
			defaultConfigurationIsVisible = 0;
			defaultConfigurationName = Release;
		};
		3A83C79528995AFD007AB7CE /* Build configuration list for PBXNativeTarget "SiniarTests" */ = {
			isa = XCConfigurationList;
			buildConfigurations = (
				3A83C79628995AFD007AB7CE /* Debug */,
				3A83C79728995AFD007AB7CE /* Release */,
			);
			defaultConfigurationIsVisible = 0;
			defaultConfigurationName = Release;
		};
		3A83C79828995AFD007AB7CE /* Build configuration list for PBXNativeTarget "SiniarUITests" */ = {
			isa = XCConfigurationList;
			buildConfigurations = (
				3A83C79928995AFD007AB7CE /* Debug */,
				3A83C79A28995AFD007AB7CE /* Release */,
			);
			defaultConfigurationIsVisible = 0;
			defaultConfigurationName = Release;
		};
/* End XCConfigurationList section */

/* Begin XCVersionGroup section */
		3A83C77128995AFA007AB7CE /* Siniar.xcdatamodeld */ = {
			isa = XCVersionGroup;
			children = (
				3A83C77228995AFA007AB7CE /* Siniar.xcdatamodel */,
			);
			currentVersion = 3A83C77228995AFA007AB7CE /* Siniar.xcdatamodel */;
			path = Siniar.xcdatamodeld;
			sourceTree = "<group>";
			versionGroupType = wrapper.xcdatamodel;
		};
/* End XCVersionGroup section */
	};
	rootObject = 3A83C75D28995AFA007AB7CE /* Project object */;
}
